// !$*UTF8*$!
{
	archiveVersion = 1;
	classes = {
	};
	objectVersion = 48;
	objects = {

/* Begin PBXBuildFile section */
		85498ED571C7310C80BA8AE0 /* libPods-ModuleBusinessA.a in Frameworks */ = {isa = PBXBuildFile; fileRef = F0F6C2ABE67FBFF73185C958 /* libPods-ModuleBusinessA.a */; };
		9D6EEEF31F050224002C8C4B /* AppDelegate.m in Sources */ = {isa = PBXBuildFile; fileRef = 9D6EEEF21F050224002C8C4B /* AppDelegate.m */; };
		9D6EEEF61F050224002C8C4B /* ViewController.m in Sources */ = {isa = PBXBuildFile; fileRef = 9D6EEEF51F050224002C8C4B /* ViewController.m */; };
		9D6EEEF91F050224002C8C4B /* Main.storyboard in Resources */ = {isa = PBXBuildFile; fileRef = 9D6EEEF71F050224002C8C4B /* Main.storyboard */; };
		9D6EEEFB1F050224002C8C4B /* Assets.xcassets in Resources */ = {isa = PBXBuildFile; fileRef = 9D6EEEFA1F050224002C8C4B /* Assets.xcassets */; };
		9D6EEEFE1F050224002C8C4B /* LaunchScreen.storyboard in Resources */ = {isa = PBXBuildFile; fileRef = 9D6EEEFC1F050224002C8C4B /* LaunchScreen.storyboard */; };
		9D6EEF011F050224002C8C4B /* main.m in Sources */ = {isa = PBXBuildFile; fileRef = 9D6EEF001F050224002C8C4B /* main.m */; };
/* End PBXBuildFile section */

/* Begin PBXFileReference section */
		9D6EEEEE1F050224002C8C4B /* ModuleBusinessA.app */ = {isa = PBXFileReference; explicitFileType = wrapper.application; includeInIndex = 0; path = ModuleBusinessA.app; sourceTree = BUILT_PRODUCTS_DIR; };
		9D6EEEF11F050224002C8C4B /* AppDelegate.h */ = {isa = PBXFileReference; lastKnownFileType = sourcecode.c.h; path = AppDelegate.h; sourceTree = "<group>"; };
		9D6EEEF21F050224002C8C4B /* AppDelegate.m */ = {isa = PBXFileReference; lastKnownFileType = sourcecode.c.objc; path = AppDelegate.m; sourceTree = "<group>"; };
		9D6EEEF41F050224002C8C4B /* ViewController.h */ = {isa = PBXFileReference; lastKnownFileType = sourcecode.c.h; path = ViewController.h; sourceTree = "<group>"; };
		9D6EEEF51F050224002C8C4B /* ViewController.m */ = {isa = PBXFileReference; lastKnownFileType = sourcecode.c.objc; path = ViewController.m; sourceTree = "<group>"; };
		9D6EEEF81F050224002C8C4B /* Base */ = {isa = PBXFileReference; lastKnownFileType = file.storyboard; name = Base; path = Base.lproj/Main.storyboard; sourceTree = "<group>"; };
		9D6EEEFA1F050224002C8C4B /* Assets.xcassets */ = {isa = PBXFileReference; lastKnownFileType = folder.assetcatalog; path = Assets.xcassets; sourceTree = "<group>"; };
		9D6EEEFD1F050224002C8C4B /* Base */ = {isa = PBXFileReference; lastKnownFileType = file.storyboard; name = Base; path = Base.lproj/LaunchScreen.storyboard; sourceTree = "<group>"; };
		9D6EEEFF1F050224002C8C4B /* Info.plist */ = {isa = PBXFileReference; lastKnownFileType = text.plist.xml; path = Info.plist; sourceTree = "<group>"; };
		9D6EEF001F050224002C8C4B /* main.m */ = {isa = PBXFileReference; lastKnownFileType = sourcecode.c.objc; path = main.m; sourceTree = "<group>"; };
		B1F58DBAF1050A06321264A2 /* Pods-ModuleBusinessA.debug.xcconfig */ = {isa = PBXFileReference; includeInIndex = 1; lastKnownFileType = text.xcconfig; name = "Pods-ModuleBusinessA.debug.xcconfig"; path = "Pods/Target Support Files/Pods-ModuleBusinessA/Pods-ModuleBusinessA.debug.xcconfig"; sourceTree = "<group>"; };
		F0F6C2ABE67FBFF73185C958 /* libPods-ModuleBusinessA.a */ = {isa = PBXFileReference; explicitFileType = archive.ar; includeInIndex = 0; path = "libPods-ModuleBusinessA.a"; sourceTree = BUILT_PRODUCTS_DIR; };
		F932277F242FF696034F2D62 /* Pods-ModuleBusinessA.release.xcconfig */ = {isa = PBXFileReference; includeInIndex = 1; lastKnownFileType = text.xcconfig; name = "Pods-ModuleBusinessA.release.xcconfig"; path = "Pods/Target Support Files/Pods-ModuleBusinessA/Pods-ModuleBusinessA.release.xcconfig"; sourceTree = "<group>"; };
/* End PBXFileReference section */

/* Begin PBXFrameworksBuildPhase section */
		9D6EEEEB1F050224002C8C4B /* Frameworks */ = {
			isa = PBXFrameworksBuildPhase;
			buildActionMask = 2147483647;
			files = (
				85498ED571C7310C80BA8AE0 /* libPods-ModuleBusinessA.a in Frameworks */,
			);
			runOnlyForDeploymentPostprocessing = 0;
		};
/* End PBXFrameworksBuildPhase section */

/* Begin PBXGroup section */
		407FC750103D376671DDD2B3 /* Pods */ = {
			isa = PBXGroup;
			children = (
				B1F58DBAF1050A06321264A2 /* Pods-ModuleBusinessA.debug.xcconfig */,
				F932277F242FF696034F2D62 /* Pods-ModuleBusinessA.release.xcconfig */,
			);
			name = Pods;
			sourceTree = "<group>";
		};
		9D6EEEE51F050224002C8C4B = {
			isa = PBXGroup;
			children = (
				9D6EEEF01F050224002C8C4B /* ModuleBusinessA */,
				9D6EEEEF1F050224002C8C4B /* Products */,
				407FC750103D376671DDD2B3 /* Pods */,
				B88160D5266727AB6EA824B6 /* Frameworks */,
			);
			sourceTree = "<group>";
		};
		9D6EEEEF1F050224002C8C4B /* Products */ = {
			isa = PBXGroup;
			children = (
				9D6EEEEE1F050224002C8C4B /* ModuleBusinessA.app */,
			);
			name = Products;
			sourceTree = "<group>";
		};
		9D6EEEF01F050224002C8C4B /* ModuleBusinessA */ = {
			isa = PBXGroup;
			children = (
				9D6EEEF11F050224002C8C4B /* AppDelegate.h */,
				9D6EEEF21F050224002C8C4B /* AppDelegate.m */,
				9D6EEEF41F050224002C8C4B /* ViewController.h */,
				9D6EEEF51F050224002C8C4B /* ViewController.m */,
				9D6EEEF71F050224002C8C4B /* Main.storyboard */,
				9D6EEEFA1F050224002C8C4B /* Assets.xcassets */,
				9D6EEEFC1F050224002C8C4B /* LaunchScreen.storyboard */,
				9D6EEEFF1F050224002C8C4B /* Info.plist */,
				9D6EEF001F050224002C8C4B /* main.m */,
			);
			path = ModuleBusinessA;
			sourceTree = "<group>";
		};
		B88160D5266727AB6EA824B6 /* Frameworks */ = {
			isa = PBXGroup;
			children = (
				F0F6C2ABE67FBFF73185C958 /* libPods-ModuleBusinessA.a */,
			);
			name = Frameworks;
			sourceTree = "<group>";
		};
/* End PBXGroup section */

/* Begin PBXNativeTarget section */
		9D6EEEED1F050224002C8C4B /* ModuleBusinessA */ = {
			isa = PBXNativeTarget;
			buildConfigurationList = 9D6EEF041F050224002C8C4B /* Build configuration list for PBXNativeTarget "ModuleBusinessA" */;
			buildPhases = (
				220277A70B438A82D64A65D3 /* [CP] Check Pods Manifest.lock */,
				9D6EEEEA1F050224002C8C4B /* Sources */,
				9D6EEEEB1F050224002C8C4B /* Frameworks */,
				9D6EEEEC1F050224002C8C4B /* Resources */,
				EFE4D3DF16FD72F00EAC16A2 /* [CP] Embed Pods Frameworks */,
				4943A6ED99F3BB526BE79683 /* [CP] Copy Pods Resources */,
			);
			buildRules = (
			);
			dependencies = (
			);
			name = ModuleBusinessA;
			productName = ModuleBusinessA;
			productReference = 9D6EEEEE1F050224002C8C4B /* ModuleBusinessA.app */;
			productType = "com.apple.product-type.application";
		};
/* End PBXNativeTarget section */

/* Begin PBXProject section */
		9D6EEEE61F050224002C8C4B /* Project object */ = {
			isa = PBXProject;
			attributes = {
				LastUpgradeCheck = 0900;
				ORGANIZATIONNAME = naibin.liu;
				TargetAttributes = {
					9D6EEEED1F050224002C8C4B = {
						CreatedOnToolsVersion = 9.0;
					};
				};
			};
			buildConfigurationList = 9D6EEEE91F050224002C8C4B /* Build configuration list for PBXProject "ModuleBusinessA" */;
			compatibilityVersion = "Xcode 8.0";
			developmentRegion = en;
			hasScannedForEncodings = 0;
			knownRegions = (
				en,
				Base,
			);
			mainGroup = 9D6EEEE51F050224002C8C4B;
			productRefGroup = 9D6EEEEF1F050224002C8C4B /* Products */;
			projectDirPath = "";
			projectRoot = "";
			targets = (
				9D6EEEED1F050224002C8C4B /* ModuleBusinessA */,
			);
		};
/* End PBXProject section */

/* Begin PBXResourcesBuildPhase section */
		9D6EEEEC1F050224002C8C4B /* Resources */ = {
			isa = PBXResourcesBuildPhase;
			buildActionMask = 2147483647;
			files = (
				9D6EEEFE1F050224002C8C4B /* LaunchScreen.storyboard in Resources */,
				9D6EEEFB1F050224002C8C4B /* Assets.xcassets in Resources */,
				9D6EEEF91F050224002C8C4B /* Main.storyboard in Resources */,
			);
			runOnlyForDeploymentPostprocessing = 0;
		};
/* End PBXResourcesBuildPhase section */

/* Begin PBXShellScriptBuildPhase section */
		220277A70B438A82D64A65D3 /* [CP] Check Pods Manifest.lock */ = {
			isa = PBXShellScriptBuildPhase;
			buildActionMask = 2147483647;
			files = (
			);
			inputPaths = (
			);
			name = "[CP] Check Pods Manifest.lock";
			outputPaths = (
			);
			runOnlyForDeploymentPostprocessing = 0;
			shellPath = /bin/sh;
			shellScript = "diff \"${PODS_PODFILE_DIR_PATH}/Podfile.lock\" \"${PODS_ROOT}/Manifest.lock\" > /dev/null\nif [ $? != 0 ] ; then\n    # print error to STDERR\n    echo \"error: The sandbox is not in sync with the Podfile.lock. Run 'pod install' or update your CocoaPods installation.\" >&2\n    exit 1\nfi\n";
			showEnvVarsInLog = 0;
		};
		4943A6ED99F3BB526BE79683 /* [CP] Copy Pods Resources */ = {
			isa = PBXShellScriptBuildPhase;
			buildActionMask = 2147483647;
			files = (
			);
			inputPaths = (
			);
			name = "[CP] Copy Pods Resources";
			outputPaths = (
			);
			runOnlyForDeploymentPostprocessing = 0;
			shellPath = /bin/sh;
			shellScript = "\"${SRCROOT}/Pods/Target Support Files/Pods-ModuleBusinessA/Pods-ModuleBusinessA-resources.sh\"\n";
			showEnvVarsInLog = 0;
		};
		EFE4D3DF16FD72F00EAC16A2 /* [CP] Embed Pods Frameworks */ = {
			isa = PBXShellScriptBuildPhase;
			buildActionMask = 2147483647;
			files = (
			);
			inputPaths = (
			);
			name = "[CP] Embed Pods Frameworks";
			outputPaths = (
			);
			runOnlyForDeploymentPostprocessing = 0;
			shellPath = /bin/sh;
			shellScript = "\"${SRCROOT}/Pods/Target Support Files/Pods-ModuleBusinessA/Pods-ModuleBusinessA-frameworks.sh\"\n";
			showEnvVarsInLog = 0;
		};
/* End PBXShellScriptBuildPhase section */

/* Begin PBXSourcesBuildPhase section */
		9D6EEEEA1F050224002C8C4B /* Sources */ = {
			isa = PBXSourcesBuildPhase;
			buildActionMask = 2147483647;
			files = (
				9D6EEEF61F050224002C8C4B /* ViewController.m in Sources */,
				9D6EEF011F050224002C8C4B /* main.m in Sources */,
				9D6EEEF31F050224002C8C4B /* AppDelegate.m in Sources */,
			);
			runOnlyForDeploymentPostprocessing = 0;
		};
/* End PBXSourcesBuildPhase section */

/* Begin PBXVariantGroup section */
		9D6EEEF71F050224002C8C4B /* Main.storyboard */ = {
			isa = PBXVariantGroup;
			children = (
				9D6EEEF81F050224002C8C4B /* Base */,
			);
			name = Main.storyboard;
			sourceTree = "<group>";
		};
		9D6EEEFC1F050224002C8C4B /* LaunchScreen.storyboard */ = {
			isa = PBXVariantGroup;
			children = (
				9D6EEEFD1F050224002C8C4B /* Base */,
			);
			name = LaunchScreen.storyboard;
			sourceTree = "<group>";
		};
/* End PBXVariantGroup section */

/* Begin XCBuildConfiguration section */
		9D6EEF021F050224002C8C4B /* Debug */ = {
			isa = XCBuildConfiguration;
			buildSettings = {
				ALWAYS_SEARCH_USER_PATHS = NO;
				CLANG_ANALYZER_NONNULL = YES;
				CLANG_ANALYZER_NUMBER_OBJECT_CONVERSION = YES_AGGRESSIVE;
				CLANG_CXX_LANGUAGE_STANDARD = "gnu++14";
				CLANG_CXX_LIBRARY = "libc++";
				CLANG_ENABLE_MODULES = YES;
				CLANG_ENABLE_OBJC_ARC = YES;
				CLANG_WARN_BLOCK_CAPTURE_AUTORELEASING = YES;
				CLANG_WARN_BOOL_CONVERSION = YES;
				CLANG_WARN_COMMA = YES;
				CLANG_WARN_CONSTANT_CONVERSION = YES;
				CLANG_WARN_DIRECT_OBJC_ISA_USAGE = YES_ERROR;
				CLANG_WARN_DOCUMENTATION_COMMENTS = YES;
				CLANG_WARN_EMPTY_BODY = YES;
				CLANG_WARN_ENUM_CONVERSION = YES;
				CLANG_WARN_INFINITE_RECURSION = YES;
				CLANG_WARN_INT_CONVERSION = YES;
				CLANG_WARN_OBJC_ROOT_CLASS = YES_ERROR;
				CLANG_WARN_RANGE_LOOP_ANALYSIS = YES;
				CLANG_WARN_STRICT_PROTOTYPES = YES;
				CLANG_WARN_SUSPICIOUS_MOVE = YES;
				CLANG_WARN_UNGUARDED_AVAILABILITY = YES_AGGRESSIVE;
				CLANG_WARN_UNREACHABLE_CODE = YES;
				CLANG_WARN__DUPLICATE_METHOD_MATCH = YES;
				CODE_SIGN_IDENTITY = "iPhone Developer";
				COPY_PHASE_STRIP = NO;
				DEBUG_INFORMATION_FORMAT = dwarf;
				ENABLE_STRICT_OBJC_MSGSEND = YES;
				ENABLE_TESTABILITY = YES;
				GCC_C_LANGUAGE_STANDARD = gnu11;
				GCC_DYNAMIC_NO_PIC = NO;
				GCC_NO_COMMON_BLOCKS = YES;
				GCC_OPTIMIZATION_LEVEL = 0;
				GCC_PREPROCESSOR_DEFINITIONS = (
					"DEBUG=1",
					"$(inherited)",
				);
				GCC_WARN_64_TO_32_BIT_CONVERSION = YES;
				GCC_WARN_ABOUT_RETURN_TYPE = YES_ERROR;
				GCC_WARN_UNDECLARED_SELECTOR = YES;
				GCC_WARN_UNINITIALIZED_AUTOS = YES_AGGRESSIVE;
				GCC_WARN_UNUSED_FUNCTION = YES;
				GCC_WARN_UNUSED_VARIABLE = YES;
				IPHONEOS_DEPLOYMENT_TARGET = 11.0;
				MTL_ENABLE_DEBUG_INFO = YES;
				ONLY_ACTIVE_ARCH = YES;
				SDKROOT = iphoneos;
			};
			name = Debug;
		};
		9D6EEF031F050224002C8C4B /* Release */ = {
			isa = XCBuildConfiguration;
			buildSettings = {
				ALWAYS_SEARCH_USER_PATHS = NO;
				CLANG_ANALYZER_NONNULL = YES;
				CLANG_ANALYZER_NUMBER_OBJECT_CONVERSION = YES_AGGRESSIVE;
				CLANG_CXX_LANGUAGE_STANDARD = "gnu++14";
				CLANG_CXX_LIBRARY = "libc++";
				CLANG_ENABLE_MODULES = YES;
				CLANG_ENABLE_OBJC_ARC = YES;
				CLANG_WARN_BLOCK_CAPTURE_AUTORELEASING = YES;
				CLANG_WARN_BOOL_CONVERSION = YES;
				CLANG_WARN_COMMA = YES;
				CLANG_WARN_CONSTANT_CONVERSION = YES;
				CLANG_WARN_DIRECT_OBJC_ISA_USAGE = YES_ERROR;
				CLANG_WARN_DOCUMENTATION_COMMENTS = YES;
				CLANG_WARN_EMPTY_BODY = YES;
				CLANG_WARN_ENUM_CONVERSION = YES;
				CLANG_WARN_INFINITE_RECURSION = YES;
				CLANG_WARN_INT_CONVERSION = YES;
				CLANG_WARN_OBJC_ROOT_CLASS = YES_ERROR;
				CLANG_WARN_RANGE_LOOP_ANALYSIS = YES;
				CLANG_WARN_STRICT_PROTOTYPES = YES;
				CLANG_WARN_SUSPICIOUS_MOVE = YES;
				CLANG_WARN_UNGUARDED_AVAILABILITY = YES_AGGRESSIVE;
				CLANG_WARN_UNREACHABLE_CODE = YES;
				CLANG_WARN__DUPLICATE_METHOD_MATCH = YES;
				CODE_SIGN_IDENTITY = "iPhone Developer";
				COPY_PHASE_STRIP = NO;
				DEBUG_INFORMATION_FORMAT = "dwarf-with-dsym";
				ENABLE_NS_ASSERTIONS = NO;
				ENABLE_STRICT_OBJC_MSGSEND = YES;
				GCC_C_LANGUAGE_STANDARD = gnu11;
				GCC_NO_COMMON_BLOCKS = YES;
				GCC_WARN_64_TO_32_BIT_CONVERSION = YES;
				GCC_WARN_ABOUT_RETURN_TYPE = YES_ERROR;
				GCC_WARN_UNDECLARED_SELECTOR = YES;
				GCC_WARN_UNINITIALIZED_AUTOS = YES_AGGRESSIVE;
				GCC_WARN_UNUSED_FUNCTION = YES;
				GCC_WARN_UNUSED_VARIABLE = YES;
				IPHONEOS_DEPLOYMENT_TARGET = 11.0;
				MTL_ENABLE_DEBUG_INFO = NO;
				SDKROOT = iphoneos;
				VALIDATE_PRODUCT = YES;
			};
			name = Release;
		};
		9D6EEF051F050224002C8C4B /* Debug */ = {
			isa = XCBuildConfiguration;
			baseConfigurationReference = B1F58DBAF1050A06321264A2 /* Pods-ModuleBusinessA.debug.xcconfig */;
			buildSettings = {
				ASSETCATALOG_COMPILER_APPICON_NAME = AppIcon;
				DEVELOPMENT_TEAM = T58F77STV4;
				INFOPLIST_FILE = ModuleBusinessA/Info.plist;
				LD_RUNPATH_SEARCH_PATHS = "$(inherited) @executable_path/Frameworks";
				PRODUCT_BUNDLE_IDENTIFIER = cn.andy1991.ModuleBusinessA;
				PRODUCT_NAME = "$(TARGET_NAME)";
				TARGETED_DEVICE_FAMILY = "1,2";
			};
			name = Debug;
		};
		9D6EEF061F050224002C8C4B /* Release */ = {
			isa = XCBuildConfiguration;
			baseConfigurationReference = F932277F242FF696034F2D62 /* Pods-ModuleBusinessA.release.xcconfig */;
			buildSettings = {
				ASSETCATALOG_COMPILER_APPICON_NAME = AppIcon;
				DEVELOPMENT_TEAM = T58F77STV4;
				INFOPLIST_FILE = ModuleBusinessA/Info.plist;
				LD_RUNPATH_SEARCH_PATHS = "$(inherited) @executable_path/Frameworks";
				PRODUCT_BUNDLE_IDENTIFIER = cn.andy1991.ModuleBusinessA;
				PRODUCT_NAME = "$(TARGET_NAME)";
				TARGETED_DEVICE_FAMILY = "1,2";
			};
			name = Release;
		};
/* End XCBuildConfiguration section */

/* Begin XCConfigurationList section */
		9D6EEEE91F050224002C8C4B /* Build configuration list for PBXProject "ModuleBusinessA" */ = {
			isa = XCConfigurationList;
			buildConfigurations = (
				9D6EEF021F050224002C8C4B /* Debug */,
				9D6EEF031F050224002C8C4B /* Release */,
			);
			defaultConfigurationIsVisible = 0;
			defaultConfigurationName = Release;
		};
		9D6EEF041F050224002C8C4B /* Build configuration list for PBXNativeTarget "ModuleBusinessA" */ = {
			isa = XCConfigurationList;
			buildConfigurations = (
				9D6EEF051F050224002C8C4B /* Debug */,
				9D6EEF061F050224002C8C4B /* Release */,
			);
			defaultConfigurationIsVisible = 0;
		};
/* End XCConfigurationList section */
	};
	rootObject = 9D6EEEE61F050224002C8C4B /* Project object */;
}
